
Microsoft Visual Studio Solution File, Format Version 12.00
# Visual Studio Version 17
VisualStudioVersion = 17.1.32210.238
MinimumVisualStudioVersion = 10.0.40219.1
Project("{FAE04EC0-301F-11D3-BF4B-00C04F79EFBC}") = "PCReports", "PCReports\PCReports.csproj", "{2FDF99E7-421D-4D5C-8846-44613F72819D}"
EndProject
Global
	GlobalSection(SolutionConfigurationPlatforms) = preSolution
		Debug|Any CPU = Debug|Any CPU
		Release|Any CPU = Release|Any CPU
	EndGlobalSection
	GlobalSection(ProjectConfigurationPlatforms) = postSolution
		{2FDF99E7-421D-4D5C-8846-44613F72819D}.Debug|Any CPU.ActiveCfg = Debug|Any CPU
		{2FDF99E7-421D-4D5C-8846-44613F72819D}.Debug|Any CPU.Build.0 = Debug|Any CPU
		{2FDF99E7-421D-4D5C-8846-44613F72819D}.Release|Any CPU.ActiveCfg = Release|Any CPU
		{2FDF99E7-421D-4D5C-8846-44613F72819D}.Release|Any CPU.Build.0 = Release|Any CPU
	EndGlobalSection
	GlobalSection(SolutionProperties) = preSolution
		HideSolutionNode = FALSE
	EndGlobalSection
	GlobalSection(ExtensibilityGlobals) = postSolution
		SolutionGuid = {CC71F9E0-3E71-427F-ABFD-20FDFC593869}
	EndGlobalSection
EndGlobal
